
Microsoft Visual Studio Solution File, Format Version 12.00
# Visual Studio Version 17
VisualStudioVersion = 17.1.32120.378
MinimumVisualStudioVersion = 10.0.40219.1
Project("{9A19103F-16F7-4668-BE54-9A1E7A4F7556}") = "Service", "Service\Service.csproj", "{9D2EB70B-91C9-4ED4-8EF8-CA4ABD3A5365}"
EndProject
Project("{9A19103F-16F7-4668-BE54-9A1E7A4F7556}") = "Service.Tests", "Service.Tests\Service.Tests.csproj", "{4DB598EA-9067-4712-93B8-FD7AA783204F}"
EndProject
Project("{2150E333-8FDC-42A3-9474-1A3956D46DE8}") = "Solution Items", "Solution Items", "{2F026940-45F1-4C14-9C53-19F793A239EB}"
	ProjectSection(SolutionItems) = preProject
		Directory.Build.props = Directory.Build.props
		README.md = README.md
		RELEASENOTES.md = RELEASENOTES.md
	EndProjectSection
EndProject
Global
	GlobalSection(SolutionConfigurationPlatforms) = preSolution
		Debug|Any CPU = Debug|Any CPU
		Release|Any CPU = Release|Any CPU
	EndGlobalSection
	GlobalSection(ProjectConfigurationPlatforms) = postSolution
		{9D2EB70B-91C9-4ED4-8EF8-CA4ABD3A5365}.Debug|Any CPU.ActiveCfg = Debug|Any CPU
		{9D2EB70B-91C9-4ED4-8EF8-CA4ABD3A5365}.Debug|Any CPU.Build.0 = Debug|Any CPU
		{9D2EB70B-91C9-4ED4-8EF8-CA4ABD3A5365}.Release|Any CPU.ActiveCfg = Release|Any CPU
		{9D2EB70B-91C9-4ED4-8EF8-CA4ABD3A5365}.Release|Any CPU.Build.0 = Release|Any CPU
		{4DB598EA-9067-4712-93B8-FD7AA783204F}.Debug|Any CPU.ActiveCfg = Debug|Any CPU
		{4DB598EA-9067-4712-93B8-FD7AA783204F}.Debug|Any CPU.Build.0 = Debug|Any CPU
		{4DB598EA-9067-4712-93B8-FD7AA783204F}.Release|Any CPU.ActiveCfg = Release|Any CPU
		{4DB598EA-9067-4712-93B8-FD7AA783204F}.Release|Any CPU.Build.0 = Release|Any CPU
	EndGlobalSection
	GlobalSection(SolutionProperties) = preSolution
		HideSolutionNode = FALSE
	EndGlobalSection
	GlobalSection(ExtensibilityGlobals) = postSolution
		SolutionGuid = {02D9B777-5E11-4975-B104-3E537E23443A}
	EndGlobalSection
EndGlobal
